
Microsoft Visual Studio Solution File, Format Version 12.00
# Visual Studio Version 17
VisualStudioVersion = 17.5.33516.290
MinimumVisualStudioVersion = 10.0.40219.1
Project("{9A19103F-16F7-4668-BE54-9A1E7A4F7556}") = "API", "API\API.csproj", "{8E687455-60B8-4867-BF12-C9A7A2FEFF65}"
EndProject
Project("{9A19103F-16F7-4668-BE54-9A1E7A4F7556}") = "Infrastructure", "Infrastructure\Infrastructure.csproj", "{03FD2E17-E3D7-4810-BEDF-3F488D44F1C4}"
EndProject
Project("{9A19103F-16F7-4668-BE54-9A1E7A4F7556}") = "Test", "Test\Test.csproj", "{7D463E16-8FF2-4609-9CF1-475BDFB5B7EE}"
EndProject
Global
	GlobalSection(SolutionConfigurationPlatforms) = preSolution
		Debug|Any CPU = Debug|Any CPU
		Release|Any CPU = Release|Any CPU
	EndGlobalSection
	GlobalSection(ProjectConfigurationPlatforms) = postSolution
		{8E687455-60B8-4867-BF12-C9A7A2FEFF65}.Debug|Any CPU.ActiveCfg = Debug|Any CPU
		{8E687455-60B8-4867-BF12-C9A7A2FEFF65}.Debug|Any CPU.Build.0 = Debug|Any CPU
		{8E687455-60B8-4867-BF12-C9A7A2FEFF65}.Release|Any CPU.ActiveCfg = Release|Any CPU
		{8E687455-60B8-4867-BF12-C9A7A2FEFF65}.Release|Any CPU.Build.0 = Release|Any CPU
		{03FD2E17-E3D7-4810-BEDF-3F488D44F1C4}.Debug|Any CPU.ActiveCfg = Debug|Any CPU
		{03FD2E17-E3D7-4810-BEDF-3F488D44F1C4}.Debug|Any CPU.Build.0 = Debug|Any CPU
		{03FD2E17-E3D7-4810-BEDF-3F488D44F1C4}.Release|Any CPU.ActiveCfg = Release|Any CPU
		{03FD2E17-E3D7-4810-BEDF-3F488D44F1C4}.Release|Any CPU.Build.0 = Release|Any CPU
		{7D463E16-8FF2-4609-9CF1-475BDFB5B7EE}.Debug|Any CPU.ActiveCfg = Debug|Any CPU
		{7D463E16-8FF2-4609-9CF1-475BDFB5B7EE}.Debug|Any CPU.Build.0 = Debug|Any CPU
		{7D463E16-8FF2-4609-9CF1-475BDFB5B7EE}.Release|Any CPU.ActiveCfg = Release|Any CPU
		{7D463E16-8FF2-4609-9CF1-475BDFB5B7EE}.Release|Any CPU.Build.0 = Release|Any CPU
	EndGlobalSection
	GlobalSection(SolutionProperties) = preSolution
		HideSolutionNode = FALSE
	EndGlobalSection
	GlobalSection(ExtensibilityGlobals) = postSolution
		SolutionGuid = {268A1115-1483-4D19-8F8F-54B4C77E54D4}
	EndGlobalSection
EndGlobal
