
Microsoft Visual Studio Solution File, Format Version 12.00
# Visual Studio Version 17
VisualStudioVersion = 17.5.33516.290
MinimumVisualStudioVersion = 10.0.40219.1
Project("{9A19103F-16F7-4668-BE54-9A1E7A4F7556}") = "FashionAPI.Web", "FashionAPI.Web\FashionAPI.Web.csproj", "{C941D022-A869-43BF-B7FA-F5C49297FE10}"
EndProject
Project("{9A19103F-16F7-4668-BE54-9A1E7A4F7556}") = "FashionWebAPI.Infrastructure", "FashionWebAPI.Infrastructure\FashionWebAPI.Infrastructure.csproj", "{CAAF88BB-4A09-4294-934D-C6C53A79EBF2}"
EndProject
Project("{FAE04EC0-301F-11D3-BF4B-00C04F79EFBC}") = "FashionWebApi.Test", "FashionWebApi.Test\FashionWebApi.Test.csproj", "{ED8347E2-41F3-4BC5-9239-9DC30F22D909}"
EndProject
Global
	GlobalSection(SolutionConfigurationPlatforms) = preSolution
		Debug|Any CPU = Debug|Any CPU
		Release|Any CPU = Release|Any CPU
	EndGlobalSection
	GlobalSection(ProjectConfigurationPlatforms) = postSolution
		{C941D022-A869-43BF-B7FA-F5C49297FE10}.Debug|Any CPU.ActiveCfg = Debug|Any CPU
		{C941D022-A869-43BF-B7FA-F5C49297FE10}.Debug|Any CPU.Build.0 = Debug|Any CPU
		{C941D022-A869-43BF-B7FA-F5C49297FE10}.Release|Any CPU.ActiveCfg = Release|Any CPU
		{C941D022-A869-43BF-B7FA-F5C49297FE10}.Release|Any CPU.Build.0 = Release|Any CPU
		{CAAF88BB-4A09-4294-934D-C6C53A79EBF2}.Debug|Any CPU.ActiveCfg = Debug|Any CPU
		{CAAF88BB-4A09-4294-934D-C6C53A79EBF2}.Debug|Any CPU.Build.0 = Debug|Any CPU
		{CAAF88BB-4A09-4294-934D-C6C53A79EBF2}.Release|Any CPU.ActiveCfg = Release|Any CPU
		{CAAF88BB-4A09-4294-934D-C6C53A79EBF2}.Release|Any CPU.Build.0 = Release|Any CPU
		{ED8347E2-41F3-4BC5-9239-9DC30F22D909}.Debug|Any CPU.ActiveCfg = Debug|Any CPU
		{ED8347E2-41F3-4BC5-9239-9DC30F22D909}.Debug|Any CPU.Build.0 = Debug|Any CPU
		{ED8347E2-41F3-4BC5-9239-9DC30F22D909}.Release|Any CPU.ActiveCfg = Release|Any CPU
		{ED8347E2-41F3-4BC5-9239-9DC30F22D909}.Release|Any CPU.Build.0 = Release|Any CPU
	EndGlobalSection
	GlobalSection(SolutionProperties) = preSolution
		HideSolutionNode = FALSE
	EndGlobalSection
	GlobalSection(ExtensibilityGlobals) = postSolution
		SolutionGuid = {268A1115-1483-4D19-8F8F-54B4C77E54D4}
	EndGlobalSection
EndGlobal
